// !$*UTF8*$!
{
	archiveVersion = 1;
	classes = {
	};
	objectVersion = 56;
	objects = {

/* Begin PBXBuildFile section */
		5435C2694BE1CEE5BFE70F86 /* Pods_pecode_test_task.framework in Frameworks */ = {isa = PBXBuildFile; fileRef = AD9BC25B8FFD6BE2416FC6BE /* Pods_pecode_test_task.framework */; };
		94523B5C2ACE927400F0EE37 /* CategoryButton.swift in Sources */ = {isa = PBXBuildFile; fileRef = 94523B5B2ACE927400F0EE37 /* CategoryButton.swift */; };
		94523B5E2ACE96FD00F0EE37 /* CountryButton.swift in Sources */ = {isa = PBXBuildFile; fileRef = 94523B5D2ACE96FD00F0EE37 /* CountryButton.swift */; };
		94523B602ACE978900F0EE37 /* SourcesButton.swift in Sources */ = {isa = PBXBuildFile; fileRef = 94523B5F2ACE978900F0EE37 /* SourcesButton.swift */; };
		94523B642ACECD8C00F0EE37 /* CoreDataStack.swift in Sources */ = {isa = PBXBuildFile; fileRef = 94523B632ACECD8C00F0EE37 /* CoreDataStack.swift */; };
		94523B672ACECDBC00F0EE37 /* SavedArticleDataModel.xcdatamodeld in Sources */ = {isa = PBXBuildFile; fileRef = 94523B652ACECDBC00F0EE37 /* SavedArticleDataModel.xcdatamodeld */; };
		94523B692ACED50B00F0EE37 /* SavedArticlesViewController.swift in Sources */ = {isa = PBXBuildFile; fileRef = 94523B682ACED50B00F0EE37 /* SavedArticlesViewController.swift */; };
		94523B6C2ACEEAA400F0EE37 /* NewsArticleViewController.swift in Sources */ = {isa = PBXBuildFile; fileRef = 94523B6A2ACEEAA400F0EE37 /* NewsArticleViewController.swift */; };
		94523B6D2ACEEAA400F0EE37 /* NewsArticleViewController.xib in Resources */ = {isa = PBXBuildFile; fileRef = 94523B6B2ACEEAA400F0EE37 /* NewsArticleViewController.xib */; };
		9472D26D2ACC611A0069C83A /* AppDelegate.swift in Sources */ = {isa = PBXBuildFile; fileRef = 9472D26C2ACC611A0069C83A /* AppDelegate.swift */; };
		9472D26F2ACC611A0069C83A /* SceneDelegate.swift in Sources */ = {isa = PBXBuildFile; fileRef = 9472D26E2ACC611A0069C83A /* SceneDelegate.swift */; };
		9472D2712ACC611A0069C83A /* MainViewController.swift in Sources */ = {isa = PBXBuildFile; fileRef = 9472D2702ACC611A0069C83A /* MainViewController.swift */; };
		9472D2742ACC611A0069C83A /* Main.storyboard in Resources */ = {isa = PBXBuildFile; fileRef = 9472D2722ACC611A0069C83A /* Main.storyboard */; };
		9472D2762ACC611C0069C83A /* Assets.xcassets in Resources */ = {isa = PBXBuildFile; fileRef = 9472D2752ACC611C0069C83A /* Assets.xcassets */; };
		9472D2792ACC611C0069C83A /* LaunchScreen.storyboard in Resources */ = {isa = PBXBuildFile; fileRef = 9472D2772ACC611C0069C83A /* LaunchScreen.storyboard */; };
		9472D2812ACD46560069C83A /* APICaller.swift in Sources */ = {isa = PBXBuildFile; fileRef = 9472D2802ACD46560069C83A /* APICaller.swift */; };
		9472D2842ACD4E4B0069C83A /* APIResponse.swift in Sources */ = {isa = PBXBuildFile; fileRef = 9472D2832ACD4E4B0069C83A /* APIResponse.swift */; };
		9472D2882ACD57ED0069C83A /* ArticleTableViewCell.swift in Sources */ = {isa = PBXBuildFile; fileRef = 9472D2862ACD57ED0069C83A /* ArticleTableViewCell.swift */; };
		9472D2892ACD57ED0069C83A /* ArticleTableViewCell.xib in Resources */ = {isa = PBXBuildFile; fileRef = 9472D2872ACD57ED0069C83A /* ArticleTableViewCell.xib */; };
/* End PBXBuildFile section */

/* Begin PBXFileReference section */
		8E45FC5D4D26404F9EABB214 /* Pods-pecode-test-task.debug.xcconfig */ = {isa = PBXFileReference; includeInIndex = 1; lastKnownFileType = text.xcconfig; name = "Pods-pecode-test-task.debug.xcconfig"; path = "Target Support Files/Pods-pecode-test-task/Pods-pecode-test-task.debug.xcconfig"; sourceTree = "<group>"; };
		94523B5B2ACE927400F0EE37 /* CategoryButton.swift */ = {isa = PBXFileReference; lastKnownFileType = sourcecode.swift; path = CategoryButton.swift; sourceTree = "<group>"; };
		94523B5D2ACE96FD00F0EE37 /* CountryButton.swift */ = {isa = PBXFileReference; lastKnownFileType = sourcecode.swift; path = CountryButton.swift; sourceTree = "<group>"; };
		94523B5F2ACE978900F0EE37 /* SourcesButton.swift */ = {isa = PBXFileReference; lastKnownFileType = sourcecode.swift; path = SourcesButton.swift; sourceTree = "<group>"; };
		94523B632ACECD8C00F0EE37 /* CoreDataStack.swift */ = {isa = PBXFileReference; lastKnownFileType = sourcecode.swift; path = CoreDataStack.swift; sourceTree = "<group>"; };
		94523B662ACECDBC00F0EE37 /* SavedArticleDataModel.xcdatamodel */ = {isa = PBXFileReference; lastKnownFileType = wrapper.xcdatamodel; path = SavedArticleDataModel.xcdatamodel; sourceTree = "<group>"; };
		94523B682ACED50B00F0EE37 /* SavedArticlesViewController.swift */ = {isa = PBXFileReference; lastKnownFileType = sourcecode.swift; path = SavedArticlesViewController.swift; sourceTree = "<group>"; };
		94523B6A2ACEEAA400F0EE37 /* NewsArticleViewController.swift */ = {isa = PBXFileReference; lastKnownFileType = sourcecode.swift; path = NewsArticleViewController.swift; sourceTree = "<group>"; };
		94523B6B2ACEEAA400F0EE37 /* NewsArticleViewController.xib */ = {isa = PBXFileReference; lastKnownFileType = file.xib; path = NewsArticleViewController.xib; sourceTree = "<group>"; };
		9472D2692ACC611A0069C83A /* pecode-test-task.app */ = {isa = PBXFileReference; explicitFileType = wrapper.application; includeInIndex = 0; path = "pecode-test-task.app"; sourceTree = BUILT_PRODUCTS_DIR; };
		9472D26C2ACC611A0069C83A /* AppDelegate.swift */ = {isa = PBXFileReference; lastKnownFileType = sourcecode.swift; path = AppDelegate.swift; sourceTree = "<group>"; };
		9472D26E2ACC611A0069C83A /* SceneDelegate.swift */ = {isa = PBXFileReference; lastKnownFileType = sourcecode.swift; path = SceneDelegate.swift; sourceTree = "<group>"; };
		9472D2702ACC611A0069C83A /* MainViewController.swift */ = {isa = PBXFileReference; lastKnownFileType = sourcecode.swift; path = MainViewController.swift; sourceTree = "<group>"; };
		9472D2732ACC611A0069C83A /* Base */ = {isa = PBXFileReference; lastKnownFileType = file.storyboard; name = Base; path = Base.lproj/Main.storyboard; sourceTree = "<group>"; };
		9472D2752ACC611C0069C83A /* Assets.xcassets */ = {isa = PBXFileReference; lastKnownFileType = folder.assetcatalog; path = Assets.xcassets; sourceTree = "<group>"; };
		9472D2782ACC611C0069C83A /* Base */ = {isa = PBXFileReference; lastKnownFileType = file.storyboard; name = Base; path = Base.lproj/LaunchScreen.storyboard; sourceTree = "<group>"; };
		9472D27A2ACC611C0069C83A /* Info.plist */ = {isa = PBXFileReference; lastKnownFileType = text.plist.xml; path = Info.plist; sourceTree = "<group>"; };
		9472D2802ACD46560069C83A /* APICaller.swift */ = {isa = PBXFileReference; lastKnownFileType = sourcecode.swift; path = APICaller.swift; sourceTree = "<group>"; };
		9472D2832ACD4E4B0069C83A /* APIResponse.swift */ = {isa = PBXFileReference; lastKnownFileType = sourcecode.swift; path = APIResponse.swift; sourceTree = "<group>"; };
		9472D2862ACD57ED0069C83A /* ArticleTableViewCell.swift */ = {isa = PBXFileReference; lastKnownFileType = sourcecode.swift; path = ArticleTableViewCell.swift; sourceTree = "<group>"; };
		9472D2872ACD57ED0069C83A /* ArticleTableViewCell.xib */ = {isa = PBXFileReference; lastKnownFileType = file.xib; path = ArticleTableViewCell.xib; sourceTree = "<group>"; };
		A14E282C01A4A3D178BB7666 /* Pods-pecode-test-task.release.xcconfig */ = {isa = PBXFileReference; includeInIndex = 1; lastKnownFileType = text.xcconfig; name = "Pods-pecode-test-task.release.xcconfig"; path = "Target Support Files/Pods-pecode-test-task/Pods-pecode-test-task.release.xcconfig"; sourceTree = "<group>"; };
		AD9BC25B8FFD6BE2416FC6BE /* Pods_pecode_test_task.framework */ = {isa = PBXFileReference; explicitFileType = wrapper.framework; includeInIndex = 0; path = Pods_pecode_test_task.framework; sourceTree = BUILT_PRODUCTS_DIR; };
/* End PBXFileReference section */

/* Begin PBXFrameworksBuildPhase section */
		9472D2662ACC611A0069C83A /* Frameworks */ = {
			isa = PBXFrameworksBuildPhase;
			buildActionMask = 2147483647;
			files = (
				5435C2694BE1CEE5BFE70F86 /* Pods_pecode_test_task.framework in Frameworks */,
			);
			runOnlyForDeploymentPostprocessing = 0;
		};
/* End PBXFrameworksBuildPhase section */

/* Begin PBXGroup section */
		41C16D5C965BBCD9D173577F /* Pods */ = {
			isa = PBXGroup;
			children = (
				8E45FC5D4D26404F9EABB214 /* Pods-pecode-test-task.debug.xcconfig */,
				A14E282C01A4A3D178BB7666 /* Pods-pecode-test-task.release.xcconfig */,
			);
			path = Pods;
			sourceTree = "<group>";
		};
		94523B6E2ACFD74100F0EE37 /* NewsArticleController */ = {
			isa = PBXGroup;
			children = (
				94523B6A2ACEEAA400F0EE37 /* NewsArticleViewController.swift */,
				94523B6B2ACEEAA400F0EE37 /* NewsArticleViewController.xib */,
			);
			path = NewsArticleController;
			sourceTree = "<group>";
		};
		94523B6F2ACFD76B00F0EE37 /* CustomButtons */ = {
			isa = PBXGroup;
			children = (
				94523B5B2ACE927400F0EE37 /* CategoryButton.swift */,
				94523B5D2ACE96FD00F0EE37 /* CountryButton.swift */,
				94523B5F2ACE978900F0EE37 /* SourcesButton.swift */,
			);
			path = CustomButtons;
			sourceTree = "<group>";
		};
		94523B702ACFD77F00F0EE37 /* API */ = {
			isa = PBXGroup;
			children = (
				9472D2802ACD46560069C83A /* APICaller.swift */,
			);
			path = API;
			sourceTree = "<group>";
		};
		94523B7E2AD0A79900F0EE37 /* ViewControllers */ = {
			isa = PBXGroup;
			children = (
				9472D2852ACD57CC0069C83A /* Cells */,
				94523B6E2ACFD74100F0EE37 /* NewsArticleController */,
				9472D2702ACC611A0069C83A /* MainViewController.swift */,
				9472D2722ACC611A0069C83A /* Main.storyboard */,
				94523B682ACED50B00F0EE37 /* SavedArticlesViewController.swift */,
			);
			path = ViewControllers;
			sourceTree = "<group>";
		};
		94523B812AD0AE6600F0EE37 /* CoreData */ = {
			isa = PBXGroup;
			children = (
				94523B652ACECDBC00F0EE37 /* SavedArticleDataModel.xcdatamodeld */,
				94523B632ACECD8C00F0EE37 /* CoreDataStack.swift */,
			);
			path = CoreData;
			sourceTree = "<group>";
		};
		9472D2602ACC611A0069C83A = {
			isa = PBXGroup;
			children = (
				9472D26B2ACC611A0069C83A /* pecode-test-task */,
				9472D26A2ACC611A0069C83A /* Products */,
				41C16D5C965BBCD9D173577F /* Pods */,
				CBAECCABFE228847653C088F /* Frameworks */,
			);
			sourceTree = "<group>";
		};
		9472D26A2ACC611A0069C83A /* Products */ = {
			isa = PBXGroup;
			children = (
				9472D2692ACC611A0069C83A /* pecode-test-task.app */,
			);
			name = Products;
			sourceTree = "<group>";
		};
		9472D26B2ACC611A0069C83A /* pecode-test-task */ = {
			isa = PBXGroup;
			children = (
				9472D26C2ACC611A0069C83A /* AppDelegate.swift */,
				9472D26E2ACC611A0069C83A /* SceneDelegate.swift */,
				94523B6F2ACFD76B00F0EE37 /* CustomButtons */,
				94523B702ACFD77F00F0EE37 /* API */,
				9472D2822ACD4E370069C83A /* Models */,
				94523B7E2AD0A79900F0EE37 /* ViewControllers */,
				94523B812AD0AE6600F0EE37 /* CoreData */,
				9472D2752ACC611C0069C83A /* Assets.xcassets */,
				9472D2772ACC611C0069C83A /* LaunchScreen.storyboard */,
				9472D27A2ACC611C0069C83A /* Info.plist */,
			);
			path = "pecode-test-task";
			sourceTree = "<group>";
		};
		9472D2822ACD4E370069C83A /* Models */ = {
			isa = PBXGroup;
			children = (
				9472D2832ACD4E4B0069C83A /* APIResponse.swift */,
			);
			path = Models;
			sourceTree = "<group>";
		};
		9472D2852ACD57CC0069C83A /* Cells */ = {
			isa = PBXGroup;
			children = (
				9472D2862ACD57ED0069C83A /* ArticleTableViewCell.swift */,
				9472D2872ACD57ED0069C83A /* ArticleTableViewCell.xib */,
			);
			path = Cells;
			sourceTree = "<group>";
		};
		CBAECCABFE228847653C088F /* Frameworks */ = {
			isa = PBXGroup;
			children = (
				AD9BC25B8FFD6BE2416FC6BE /* Pods_pecode_test_task.framework */,
			);
			name = Frameworks;
			sourceTree = "<group>";
		};
/* End PBXGroup section */

/* Begin PBXNativeTarget section */
		9472D2682ACC611A0069C83A /* pecode-test-task */ = {
			isa = PBXNativeTarget;
			buildConfigurationList = 9472D27D2ACC611C0069C83A /* Build configuration list for PBXNativeTarget "pecode-test-task" */;
			buildPhases = (
				324950133B4352ABB5FE0282 /* [CP] Check Pods Manifest.lock */,
				9472D2652ACC611A0069C83A /* Sources */,
				9472D2662ACC611A0069C83A /* Frameworks */,
				9472D2672ACC611A0069C83A /* Resources */,
				C8C6C7A6EC4099D4DAFD2E25 /* [CP] Embed Pods Frameworks */,
			);
			buildRules = (
			);
			dependencies = (
			);
			name = "pecode-test-task";
			productName = "pecode-test-task";
			productReference = 9472D2692ACC611A0069C83A /* pecode-test-task.app */;
			productType = "com.apple.product-type.application";
		};
/* End PBXNativeTarget section */

/* Begin PBXProject section */
		9472D2612ACC611A0069C83A /* Project object */ = {
			isa = PBXProject;
			attributes = {
				BuildIndependentTargetsInParallel = 1;
				LastSwiftUpdateCheck = 1430;
				LastUpgradeCheck = 1430;
				TargetAttributes = {
					9472D2682ACC611A0069C83A = {
						CreatedOnToolsVersion = 14.3.1;
					};
				};
			};
			buildConfigurationList = 9472D2642ACC611A0069C83A /* Build configuration list for PBXProject "pecode-test-task" */;
			compatibilityVersion = "Xcode 14.0";
			developmentRegion = en;
			hasScannedForEncodings = 0;
			knownRegions = (
				en,
				Base,
			);
			mainGroup = 9472D2602ACC611A0069C83A;
			productRefGroup = 9472D26A2ACC611A0069C83A /* Products */;
			projectDirPath = "";
			projectRoot = "";
			targets = (
				9472D2682ACC611A0069C83A /* pecode-test-task */,
			);
		};
/* End PBXProject section */

/* Begin PBXResourcesBuildPhase section */
		9472D2672ACC611A0069C83A /* Resources */ = {
			isa = PBXResourcesBuildPhase;
			buildActionMask = 2147483647;
			files = (
				9472D2892ACD57ED0069C83A /* ArticleTableViewCell.xib in Resources */,
				9472D2792ACC611C0069C83A /* LaunchScreen.storyboard in Resources */,
				94523B6D2ACEEAA400F0EE37 /* NewsArticleViewController.xib in Resources */,
				9472D2762ACC611C0069C83A /* Assets.xcassets in Resources */,
				9472D2742ACC611A0069C83A /* Main.storyboard in Resources */,
			);
			runOnlyForDeploymentPostprocessing = 0;
		};
/* End PBXResourcesBuildPhase section */

/* Begin PBXShellScriptBuildPhase section */
		324950133B4352ABB5FE0282 /* [CP] Check Pods Manifest.lock */ = {
			isa = PBXShellScriptBuildPhase;
			buildActionMask = 2147483647;
			files = (
			);
			inputFileListPaths = (
			);
			inputPaths = (
				"${PODS_PODFILE_DIR_PATH}/Podfile.lock",
				"${PODS_ROOT}/Manifest.lock",
			);
			name = "[CP] Check Pods Manifest.lock";
			outputFileListPaths = (
			);
			outputPaths = (
				"$(DERIVED_FILE_DIR)/Pods-pecode-test-task-checkManifestLockResult.txt",
			);
			runOnlyForDeploymentPostprocessing = 0;
			shellPath = /bin/sh;
			shellScript = "diff \"${PODS_PODFILE_DIR_PATH}/Podfile.lock\" \"${PODS_ROOT}/Manifest.lock\" > /dev/null\nif [ $? != 0 ] ; then\n    # print error to STDERR\n    echo \"error: The sandbox is not in sync with the Podfile.lock. Run 'pod install' or update your CocoaPods installation.\" >&2\n    exit 1\nfi\n# This output is used by Xcode 'outputs' to avoid re-running this script phase.\necho \"SUCCESS\" > \"${SCRIPT_OUTPUT_FILE_0}\"\n";
			showEnvVarsInLog = 0;
		};
		C8C6C7A6EC4099D4DAFD2E25 /* [CP] Embed Pods Frameworks */ = {
			isa = PBXShellScriptBuildPhase;
			buildActionMask = 2147483647;
			files = (
			);
			inputFileListPaths = (
				"${PODS_ROOT}/Target Support Files/Pods-pecode-test-task/Pods-pecode-test-task-frameworks-${CONFIGURATION}-input-files.xcfilelist",
			);
			name = "[CP] Embed Pods Frameworks";
			outputFileListPaths = (
				"${PODS_ROOT}/Target Support Files/Pods-pecode-test-task/Pods-pecode-test-task-frameworks-${CONFIGURATION}-output-files.xcfilelist",
			);
			runOnlyForDeploymentPostprocessing = 0;
			shellPath = /bin/sh;
			shellScript = "\"${PODS_ROOT}/Target Support Files/Pods-pecode-test-task/Pods-pecode-test-task-frameworks.sh\"\n";
			showEnvVarsInLog = 0;
		};
/* End PBXShellScriptBuildPhase section */

/* Begin PBXSourcesBuildPhase section */
		9472D2652ACC611A0069C83A /* Sources */ = {
			isa = PBXSourcesBuildPhase;
			buildActionMask = 2147483647;
			files = (
				9472D2712ACC611A0069C83A /* MainViewController.swift in Sources */,
				94523B672ACECDBC00F0EE37 /* SavedArticleDataModel.xcdatamodeld in Sources */,
				94523B602ACE978900F0EE37 /* SourcesButton.swift in Sources */,
				9472D26D2ACC611A0069C83A /* AppDelegate.swift in Sources */,
				9472D26F2ACC611A0069C83A /* SceneDelegate.swift in Sources */,
				9472D2842ACD4E4B0069C83A /* APIResponse.swift in Sources */,
				94523B642ACECD8C00F0EE37 /* CoreDataStack.swift in Sources */,
				94523B6C2ACEEAA400F0EE37 /* NewsArticleViewController.swift in Sources */,
				94523B5C2ACE927400F0EE37 /* CategoryButton.swift in Sources */,
				9472D2882ACD57ED0069C83A /* ArticleTableViewCell.swift in Sources */,
				94523B5E2ACE96FD00F0EE37 /* CountryButton.swift in Sources */,
				9472D2812ACD46560069C83A /* APICaller.swift in Sources */,
				94523B692ACED50B00F0EE37 /* SavedArticlesViewController.swift in Sources */,
			);
			runOnlyForDeploymentPostprocessing = 0;
		};
/* End PBXSourcesBuildPhase section */

/* Begin PBXVariantGroup section */
		9472D2722ACC611A0069C83A /* Main.storyboard */ = {
			isa = PBXVariantGroup;
			children = (
				9472D2732ACC611A0069C83A /* Base */,
			);
			name = Main.storyboard;
			sourceTree = "<group>";
		};
		9472D2772ACC611C0069C83A /* LaunchScreen.storyboard */ = {
			isa = PBXVariantGroup;
			children = (
				9472D2782ACC611C0069C83A /* Base */,
			);
			name = LaunchScreen.storyboard;
			sourceTree = "<group>";
		};
/* End PBXVariantGroup section */

/* Begin XCBuildConfiguration section */
		9472D27B2ACC611C0069C83A /* Debug */ = {
			isa = XCBuildConfiguration;
			buildSettings = {
				ALWAYS_SEARCH_USER_PATHS = NO;
				CLANG_ANALYZER_NONNULL = YES;
				CLANG_ANALYZER_NUMBER_OBJECT_CONVERSION = YES_AGGRESSIVE;
				CLANG_CXX_LANGUAGE_STANDARD = "gnu++20";
				CLANG_ENABLE_MODULES = YES;
				CLANG_ENABLE_OBJC_ARC = YES;
				CLANG_ENABLE_OBJC_WEAK = YES;
				CLANG_WARN_BLOCK_CAPTURE_AUTORELEASING = YES;
				CLANG_WARN_BOOL_CONVERSION = YES;
				CLANG_WARN_COMMA = YES;
				CLANG_WARN_CONSTANT_CONVERSION = YES;
				CLANG_WARN_DEPRECATED_OBJC_IMPLEMENTATIONS = YES;
				CLANG_WARN_DIRECT_OBJC_ISA_USAGE = YES_ERROR;
				CLANG_WARN_DOCUMENTATION_COMMENTS = YES;
				CLANG_WARN_EMPTY_BODY = YES;
				CLANG_WARN_ENUM_CONVERSION = YES;
				CLANG_WARN_INFINITE_RECURSION = YES;
				CLANG_WARN_INT_CONVERSION = YES;
				CLANG_WARN_NON_LITERAL_NULL_CONVERSION = YES;
				CLANG_WARN_OBJC_IMPLICIT_RETAIN_SELF = YES;
				CLANG_WARN_OBJC_LITERAL_CONVERSION = YES;
				CLANG_WARN_OBJC_ROOT_CLASS = YES_ERROR;
				CLANG_WARN_QUOTED_INCLUDE_IN_FRAMEWORK_HEADER = YES;
				CLANG_WARN_RANGE_LOOP_ANALYSIS = YES;
				CLANG_WARN_STRICT_PROTOTYPES = YES;
				CLANG_WARN_SUSPICIOUS_MOVE = YES;
				CLANG_WARN_UNGUARDED_AVAILABILITY = YES_AGGRESSIVE;
				CLANG_WARN_UNREACHABLE_CODE = YES;
				CLANG_WARN__DUPLICATE_METHOD_MATCH = YES;
				COPY_PHASE_STRIP = NO;
				DEBUG_INFORMATION_FORMAT = dwarf;
				ENABLE_STRICT_OBJC_MSGSEND = YES;
				ENABLE_TESTABILITY = YES;
				GCC_C_LANGUAGE_STANDARD = gnu11;
				GCC_DYNAMIC_NO_PIC = NO;
				GCC_NO_COMMON_BLOCKS = YES;
				GCC_OPTIMIZATION_LEVEL = 0;
				GCC_PREPROCESSOR_DEFINITIONS = (
					"DEBUG=1",
					"$(inherited)",
				);
				GCC_WARN_64_TO_32_BIT_CONVERSION = YES;
				GCC_WARN_ABOUT_RETURN_TYPE = YES_ERROR;
				GCC_WARN_UNDECLARED_SELECTOR = YES;
				GCC_WARN_UNINITIALIZED_AUTOS = YES_AGGRESSIVE;
				GCC_WARN_UNUSED_FUNCTION = YES;
				GCC_WARN_UNUSED_VARIABLE = YES;
				IPHONEOS_DEPLOYMENT_TARGET = 16.4;
				MTL_ENABLE_DEBUG_INFO = INCLUDE_SOURCE;
				MTL_FAST_MATH = YES;
				ONLY_ACTIVE_ARCH = YES;
				SDKROOT = iphoneos;
				SWIFT_ACTIVE_COMPILATION_CONDITIONS = DEBUG;
				SWIFT_OPTIMIZATION_LEVEL = "-Onone";
			};
			name = Debug;
		};
		9472D27C2ACC611C0069C83A /* Release */ = {
			isa = XCBuildConfiguration;
			buildSettings = {
				ALWAYS_SEARCH_USER_PATHS = NO;
				CLANG_ANALYZER_NONNULL = YES;
				CLANG_ANALYZER_NUMBER_OBJECT_CONVERSION = YES_AGGRESSIVE;
				CLANG_CXX_LANGUAGE_STANDARD = "gnu++20";
				CLANG_ENABLE_MODULES = YES;
				CLANG_ENABLE_OBJC_ARC = YES;
				CLANG_ENABLE_OBJC_WEAK = YES;
				CLANG_WARN_BLOCK_CAPTURE_AUTORELEASING = YES;
				CLANG_WARN_BOOL_CONVERSION = YES;
				CLANG_WARN_COMMA = YES;
				CLANG_WARN_CONSTANT_CONVERSION = YES;
				CLANG_WARN_DEPRECATED_OBJC_IMPLEMENTATIONS = YES;
				CLANG_WARN_DIRECT_OBJC_ISA_USAGE = YES_ERROR;
				CLANG_WARN_DOCUMENTATION_COMMENTS = YES;
				CLANG_WARN_EMPTY_BODY = YES;
				CLANG_WARN_ENUM_CONVERSION = YES;
				CLANG_WARN_INFINITE_RECURSION = YES;
				CLANG_WARN_INT_CONVERSION = YES;
				CLANG_WARN_NON_LITERAL_NULL_CONVERSION = YES;
				CLANG_WARN_OBJC_IMPLICIT_RETAIN_SELF = YES;
				CLANG_WARN_OBJC_LITERAL_CONVERSION = YES;
				CLANG_WARN_OBJC_ROOT_CLASS = YES_ERROR;
				CLANG_WARN_QUOTED_INCLUDE_IN_FRAMEWORK_HEADER = YES;
				CLANG_WARN_RANGE_LOOP_ANALYSIS = YES;
				CLANG_WARN_STRICT_PROTOTYPES = YES;
				CLANG_WARN_SUSPICIOUS_MOVE = YES;
				CLANG_WARN_UNGUARDED_AVAILABILITY = YES_AGGRESSIVE;
				CLANG_WARN_UNREACHABLE_CODE = YES;
				CLANG_WARN__DUPLICATE_METHOD_MATCH = YES;
				COPY_PHASE_STRIP = NO;
				DEBUG_INFORMATION_FORMAT = "dwarf-with-dsym";
				ENABLE_NS_ASSERTIONS = NO;
				ENABLE_STRICT_OBJC_MSGSEND = YES;
				GCC_C_LANGUAGE_STANDARD = gnu11;
				GCC_NO_COMMON_BLOCKS = YES;
				GCC_WARN_64_TO_32_BIT_CONVERSION = YES;
				GCC_WARN_ABOUT_RETURN_TYPE = YES_ERROR;
				GCC_WARN_UNDECLARED_SELECTOR = YES;
				GCC_WARN_UNINITIALIZED_AUTOS = YES_AGGRESSIVE;
				GCC_WARN_UNUSED_FUNCTION = YES;
				GCC_WARN_UNUSED_VARIABLE = YES;
				IPHONEOS_DEPLOYMENT_TARGET = 16.4;
				MTL_ENABLE_DEBUG_INFO = NO;
				MTL_FAST_MATH = YES;
				SDKROOT = iphoneos;
				SWIFT_COMPILATION_MODE = wholemodule;
				SWIFT_OPTIMIZATION_LEVEL = "-O";
				VALIDATE_PRODUCT = YES;
			};
			name = Release;
		};
		9472D27E2ACC611C0069C83A /* Debug */ = {
			isa = XCBuildConfiguration;
			baseConfigurationReference = 8E45FC5D4D26404F9EABB214 /* Pods-pecode-test-task.debug.xcconfig */;
			buildSettings = {
				ASSETCATALOG_COMPILER_APPICON_NAME = AppIcon;
				ASSETCATALOG_COMPILER_GLOBAL_ACCENT_COLOR_NAME = AccentColor;
				CODE_SIGN_STYLE = Automatic;
				CURRENT_PROJECT_VERSION = 1;
				DEVELOPMENT_TEAM = 7UWUYJ2WNQ;
				GENERATE_INFOPLIST_FILE = YES;
				INFOPLIST_FILE = "pecode-test-task/Info.plist";
				INFOPLIST_KEY_UIApplicationSupportsIndirectInputEvents = YES;
				INFOPLIST_KEY_UILaunchStoryboardName = LaunchScreen;
				INFOPLIST_KEY_UIMainStoryboardFile = Main;
				INFOPLIST_KEY_UISupportedInterfaceOrientations_iPad = "UIInterfaceOrientationPortrait UIInterfaceOrientationPortraitUpsideDown UIInterfaceOrientationLandscapeLeft UIInterfaceOrientationLandscapeRight";
				INFOPLIST_KEY_UISupportedInterfaceOrientations_iPhone = "UIInterfaceOrientationPortrait UIInterfaceOrientationLandscapeLeft UIInterfaceOrientationLandscapeRight";
				LD_RUNPATH_SEARCH_PATHS = (
					"$(inherited)",
					"@executable_path/Frameworks",
				);
				MARKETING_VERSION = 1.0;
				PRODUCT_BUNDLE_IDENTIFIER = "com.test.task.pecode-test-task";
				PRODUCT_NAME = "$(TARGET_NAME)";
				SWIFT_EMIT_LOC_STRINGS = YES;
				SWIFT_VERSION = 5.0;
				TARGETED_DEVICE_FAMILY = "1,2";
			};
			name = Debug;
		};
		9472D27F2ACC611C0069C83A /* Release */ = {
			isa = XCBuildConfiguration;
			baseConfigurationReference = A14E282C01A4A3D178BB7666 /* Pods-pecode-test-task.release.xcconfig */;
			buildSettings = {
				ASSETCATALOG_COMPILER_APPICON_NAME = AppIcon;
				ASSETCATALOG_COMPILER_GLOBAL_ACCENT_COLOR_NAME = AccentColor;
				CODE_SIGN_STYLE = Automatic;
				CURRENT_PROJECT_VERSION = 1;
				DEVELOPMENT_TEAM = 7UWUYJ2WNQ;
				GENERATE_INFOPLIST_FILE = YES;
				INFOPLIST_FILE = "pecode-test-task/Info.plist";
				INFOPLIST_KEY_UIApplicationSupportsIndirectInputEvents = YES;
				INFOPLIST_KEY_UILaunchStoryboardName = LaunchScreen;
				INFOPLIST_KEY_UIMainStoryboardFile = Main;
				INFOPLIST_KEY_UISupportedInterfaceOrientations_iPad = "UIInterfaceOrientationPortrait UIInterfaceOrientationPortraitUpsideDown UIInterfaceOrientationLandscapeLeft UIInterfaceOrientationLandscapeRight";
				INFOPLIST_KEY_UISupportedInterfaceOrientations_iPhone = "UIInterfaceOrientationPortrait UIInterfaceOrientationLandscapeLeft UIInterfaceOrientationLandscapeRight";
				LD_RUNPATH_SEARCH_PATHS = (
					"$(inherited)",
					"@executable_path/Frameworks",
				);
				MARKETING_VERSION = 1.0;
				PRODUCT_BUNDLE_IDENTIFIER = "com.test.task.pecode-test-task";
				PRODUCT_NAME = "$(TARGET_NAME)";
				SWIFT_EMIT_LOC_STRINGS = YES;
				SWIFT_VERSION = 5.0;
				TARGETED_DEVICE_FAMILY = "1,2";
			};
			name = Release;
		};
/* End XCBuildConfiguration section */

/* Begin XCConfigurationList section */
		9472D2642ACC611A0069C83A /* Build configuration list for PBXProject "pecode-test-task" */ = {
			isa = XCConfigurationList;
			buildConfigurations = (
				9472D27B2ACC611C0069C83A /* Debug */,
				9472D27C2ACC611C0069C83A /* Release */,
			);
			defaultConfigurationIsVisible = 0;
			defaultConfigurationName = Release;
		};
		9472D27D2ACC611C0069C83A /* Build configuration list for PBXNativeTarget "pecode-test-task" */ = {
			isa = XCConfigurationList;
			buildConfigurations = (
				9472D27E2ACC611C0069C83A /* Debug */,
				9472D27F2ACC611C0069C83A /* Release */,
			);
			defaultConfigurationIsVisible = 0;
			defaultConfigurationName = Release;
		};
/* End XCConfigurationList section */

/* Begin XCVersionGroup section */
		94523B652ACECDBC00F0EE37 /* SavedArticleDataModel.xcdatamodeld */ = {
			isa = XCVersionGroup;
			children = (
				94523B662ACECDBC00F0EE37 /* SavedArticleDataModel.xcdatamodel */,
			);
			currentVersion = 94523B662ACECDBC00F0EE37 /* SavedArticleDataModel.xcdatamodel */;
			path = SavedArticleDataModel.xcdatamodeld;
			sourceTree = "<group>";
			versionGroupType = wrapper.xcdatamodel;
		};
/* End XCVersionGroup section */
	};
	rootObject = 9472D2612ACC611A0069C83A /* Project object */;
}
